# Exact clean Linux x86_64 / CPython 3.12 dependency closure.
# Official PyPI artifact hashes, from pip install --report.
aiohappyeyeballs==2.7.1 --hash=sha256:9243213661e29250eb41368e5daa826fc017156c3b8a11440826b2e3ed376472
aiohttp==3.14.4 --hash=sha256:c5e93ab6e6330dce40f5b43996f1fc5f2543296d263a5e4b59ff09e73870b7d8
aiosignal==1.4.0 --hash=sha256:053243f8b92b990551949e63930a839ff0cf0b0ebbe0597b0f3fb19e1a0fe82e
annotated-doc==0.0.5 --hash=sha256:117bac03a25ede5df5440e855b32d556049ca169ead221505badf432fed4b101
annotated-types==0.5.0 --hash=sha256:58da39888f92c276ad970249761ebea80ba544b77acddaa1a4d6cf78287d45fd
anyio==4.15.1 --hash=sha256:6152fdbbf9a77fdec97731721bebf7c4c44f7c29b424b0065826173efc7ed101
attrs==26.1.0 --hash=sha256:c647aa4a12dfbad9333ca4e71fe62ddc36f4e63b2d260a37a8b83d2f043ac309
certifi==2026.7.22 --hash=sha256:62f22742b58a1a33014a2b6b706588a8d7e2a88ae7bd1a6ebe8c992928483775
cffi==2.1.1 --hash=sha256:c1453022f490d2459a11819d83ad1d586e9ff65a12ac3e705ffebd46d3685dcf
charset-normalizer==3.5.2 --hash=sha256:3d31298449090ab8d47b7b1b2a555ff73cac7ed438a08b7ac160980c7ebed649
cryptography==50.0.2 --hash=sha256:9dab55f57c74c3cad24c323bacbbd04be4705ba6eb0d92e920b1fc4837ed5079
dashscope==1.27.7 --hash=sha256:e034664fc78d487bd949753807abc2640c154cfcecff7a59b8b2a4b6ec156bf9
distro==1.9.0 --hash=sha256:7bffd925d65168f85027d8da9af6bddab658135b840670a223589bc0c8ef02b2
eval-type-backport==0.4.0 --hash=sha256:ad5e2a8db71b6696a56eafb938b0f5a337d3217f256b8e158b469422b4772b20
flake8==5.0.4 --hash=sha256:7a1cf6b73744f5806ab95e526f6f0d8c01c66d7bbe349562d22dfca20610b248
frozenlist==1.8.0 --hash=sha256:494a5952b1c597ba44e0e78113a7266e656b9794eec897b19ead706bd7074383
h11==0.16.0 --hash=sha256:63cf8bbe7522de3bf65932fda1d9c2772064ffb3dae62d55932da54b31cb6c86
httpcore==1.0.9 --hash=sha256:2d400746a40668fc9dec9810239072b40b4484b640a8c38fd654a024c7a1bf55
httpx==0.27.2 --hash=sha256:7bb2708e112d8fdd7829cd4243970f0c223274051cb35ee80c03301ee29a3df0
httpx-sse==0.4.3 --hash=sha256:0ac1c9fe3c0afad2e0ebb25a934a59f4c7823b60792691f779fad2c5568830fc
idna==3.20 --hash=sha256:ab7ae7122974553370f0bdb919e1a960b2cd1bc1ef0276416d896db81c14582c
iniconfig==2.3.0 --hash=sha256:f631c04d2c48c52b84d0d0549c99ff3859c98df65b3101406327ecc7d53fbf12
isort==5.11.5 --hash=sha256:ba1d72fb2595a01c7895a5128f9585a5cc4b6d395f1c8d514989b9a7eb2a8746
jieba==0.42.1 --hash=sha256:055ca12f62674fafed09427f176506079bc135638a14e23e25be909131928db2
json5==0.15.0 --hash=sha256:56636a30c0e8a4665fe2179c0212f32eae3796dea89ea6f649b9436ecdb39618
jsonlines==4.0.0 --hash=sha256:185b334ff2ca5a91362993f42e83588a360cf95ce4b71a73548502bda52a7c55
jsonschema==4.26.0 --hash=sha256:d489f15263b8d200f8387e64b4c3a75f06629559fb73deb8fdfb525f2dab50ce
jsonschema-specifications==2025.9.1 --hash=sha256:98802fee3a11ee76ecaca44429fda8a41bff98b00a0f2838151b113f210cc6fe
markdown-it-py==4.2.0 --hash=sha256:9f7ebbcd14fe59494226453aed97c1070d83f8d24b6fc3a3bcf9a38092641c4a
mccabe==0.7.0 --hash=sha256:6c2d30ab6be0e4a46919781807b4f0d834ebdd6c6e3dca0bda5a15f863427b6e
mdurl==0.1.2 --hash=sha256:84008a41e51615a49fc9966191ff91509e3c40b939176e643fd50a5c2196b8f8
multidict==6.9.1 --hash=sha256:976fd7689d69ec78d67d31d38d396d8adb562f7e8368279f76aed4aa451fa06d
numpy==2.3.5 --hash=sha256:0d8163f43acde9a73c2a33605353a4f1bc4798745a8b1d73183b28e5b435ae28
openai==1.30.5 --hash=sha256:2ad95e926de0d2e09cde632a9204b0a6dca4a03c2cdcc84329b01f355784355a
packaging==26.3 --hash=sha256:d7193f7c8e4e93f444fde0262bf90af30e16fa0ad0ad44cb553c87339b23cd1c
pillow==12.3.0 --hash=sha256:78cb2c6865a35ab8ff8b75fd122f6033b92a62c82801110e48ddd6c936a45d91
pluggy==1.6.0 --hash=sha256:e920276dd6813095e9377c0bc5566d94c932c33b27a3e3945d8389c374dd4746
propcache==0.5.4 --hash=sha256:2814ecd8e818f487bee4b0f921bc4d1c176cc5fc71ac0f072d0fa67eda4ac14b
pycodestyle==2.9.1 --hash=sha256:d1735fc58b418fd7c5f658d28d943854f8a849b01a5d0a1e6f3f3fdd0166804b
pycparser==3.0 --hash=sha256:b727414169a36b7d524c1c3e31839a521725078d7b2ff038656844266160a992
pydantic==2.3.0 --hash=sha256:45b5e446c6dfaad9444819a293b921a40e1db1aa61ea08aede0522529ce90e81
pydantic-core==2.6.3 --hash=sha256:1480fa4682e8202b560dcdc9eeec1005f62a15742b813c88cdc01d44e85308e5
pyflakes==2.5.0 --hash=sha256:4579f67d887f804e67edb544428f264b7b24f435b263c4614f384135cea553d2
pygments==2.21.0 --hash=sha256:2363c69b61c4a97c838da3b130dcd6468f4848992b21a82f2a63ec34377137d9
pytest==8.4.2 --hash=sha256:872f880de3fc3a5bdc88a11b39c9710c3497a547cfa9320bc3c5e62fbf272e79
python-dateutil==2.9.0.post0 --hash=sha256:a8b2bc7bffae282281c8140a97d3aa9c14da0b136dfe83f850eea9a5f7470427
python-dotenv==1.2.2 --hash=sha256:1d8214789a24de455a8b8bd8ae6fe3c6b69a5e3d64aa8a8e5d68e694bbcb285a
rank-bm25==0.2.2 --hash=sha256:7bd4a95571adadfc271746fa146a4bcfd89c0cf731e49c3d1ad863290adbe8ae
referencing==0.37.0 --hash=sha256:381329a9f99628c9069361716891d34ad94af76e461dcb0335825aecc7692231
regex==2026.9.29 --hash=sha256:39ab5894d971f9ac68baa6eca5c50387db579cfcacf36ae8df3feceb1815e6d0
requests==2.34.2 --hash=sha256:2a0d60c172f83ac6ab31e4554906c0f3b3588d37b5cb939b1c061f4907e278e0
rich==15.0.0 --hash=sha256:33bd4ef74232fb73fe9279a257718407f169c09b78a87ad3d296f548e27de0bb
rpds-py==2026.9.1 --hash=sha256:addeda51556dac7c1a2f14cda62db8b621cd12afba3091d03a96c72932387eab
shellingham==1.5.4 --hash=sha256:7ecfff8f2fd72616f7481040475a65b2bf8af90a56c89140852d1120324e8686
six==1.17.0 --hash=sha256:4721f391ed90541fddacab5acf947aa0d3dc7d27b2e1e8eda2be8970586c3274
sniffio==1.3.1 --hash=sha256:2f6da418d1f1e0fddd844478f41680e794e6051915791a034ff65e5f100525a2
snowballstemmer==3.0.1 --hash=sha256:6cd7b3897da8d6c9ffb968a6781fa6532dce9c3618a4b127d920dab764a19064
soundfile==0.14.0 --hash=sha256:1e38bac1853412871318e82a1ba69a8be677619b56025bbfcccdb41b6cafe82d
tiktoken==0.14.0 --hash=sha256:7896eea257fe497a2b7134474d909156c6744ce8da35bce88011a960e008aa0d
tqdm==4.70.1 --hash=sha256:c293e525e6fef9c20e8728fd4612df02a0aa31bb5fe91ecd93e123b1b7bffa73
typer==0.27.2 --hash=sha256:b3a5fc4342d5fc8fda8fc3010b1cf117e9249aab7fae800c2eff62fd3842d97d
typing-extensions==4.16.0 --hash=sha256:481caa481374e813c1b176ada14e97f1f67a4539ce9cfeb3f350d78d6370c2e8
urllib3==2.8.0 --hash=sha256:0cf3cae568d36aa9576b28dfb35f11328f1cb974ca7647d9475ebb86c75ac6e3
websocket-client==1.9.2 --hash=sha256:e1a673830a9c7bfa47b1cd3d5e4178f4c9651d80a4eab02c9c23a1c3ec6250ce
yapf==0.32.0 --hash=sha256:8fea849025584e486fd06d6ba2bed717f396080fd3cc236ba10cb97c4c51cf32
yarl==1.25.1 --hash=sha256:c6f117789d22dce188e5754e8bc65b7e6ebf8cb73963b9fa761f672a5883769d
